
Microsoft Visual Studio Solution File, Format Version 12.00
# Visual Studio 15
VisualStudioVersion = 15.0.27004.2009
MinimumVisualStudioVersion = 10.0.40219.1
Project("{FAE04EC0-301F-11D3-BF4B-00C04F79EFBC}") = "p2", "p2\p2.csproj", "{3950168F-E0C7-4168-97EB-8BF0F6877FC5}"
EndProject
Project("{FAE04EC0-301F-11D3-BF4B-00C04F79EFBC}") = "p2.Tests", "p2.Tests\p2.Tests.csproj", "{0ADFE770-8A13-4330-9428-982853B6350F}"
EndProject
Global
	GlobalSection(SolutionConfigurationPlatforms) = preSolution
		Debug|Any CPU = Debug|Any CPU
		Release|Any CPU = Release|Any CPU
	EndGlobalSection
	GlobalSection(ProjectConfigurationPlatforms) = postSolution
		{3950168F-E0C7-4168-97EB-8BF0F6877FC5}.Debug|Any CPU.ActiveCfg = Debug|Any CPU
		{3950168F-E0C7-4168-97EB-8BF0F6877FC5}.Debug|Any CPU.Build.0 = Debug|Any CPU
		{3950168F-E0C7-4168-97EB-8BF0F6877FC5}.Release|Any CPU.ActiveCfg = Release|Any CPU
		{3950168F-E0C7-4168-97EB-8BF0F6877FC5}.Release|Any CPU.Build.0 = Release|Any CPU
		{0ADFE770-8A13-4330-9428-982853B6350F}.Debug|Any CPU.ActiveCfg = Debug|Any CPU
		{0ADFE770-8A13-4330-9428-982853B6350F}.Debug|Any CPU.Build.0 = Debug|Any CPU
		{0ADFE770-8A13-4330-9428-982853B6350F}.Release|Any CPU.ActiveCfg = Release|Any CPU
		{0ADFE770-8A13-4330-9428-982853B6350F}.Release|Any CPU.Build.0 = Release|Any CPU
	EndGlobalSection
	GlobalSection(SolutionProperties) = preSolution
		HideSolutionNode = FALSE
	EndGlobalSection
	GlobalSection(ExtensibilityGlobals) = postSolution
		SolutionGuid = {64799275-0FEF-4E01-A54A-B8B50C16E017}
	EndGlobalSection
EndGlobal
